# generated by rye
# use `rye lock` or `rye sync` to update this lockfile
#
# last locked with the following flags:
#   pre: false
#   features: []
#   all-features: false
#   with-sources: false
#   generate-hashes: false

-e file:.
aiohappyeyeballs==2.4.0
    # via aiohttp
aiohttp==3.10.5
    # via datasets
    # via fsspec
    # via vllm
aiosignal==1.3.1
    # via aiohttp
    # via ray
annotated-types==0.7.0
    # via pydantic
anyio==4.4.0
    # via httpx
    # via openai
    # via starlette
    # via watchfiles
async-timeout==4.0.3
    # via aiohttp
attrs==24.2.0
    # via aiohttp
    # via jsonschema
    # via referencing
audioread==3.0.1
    # via librosa
certifi==2024.8.30
    # via httpcore
    # via httpx
    # via requests
cffi==1.17.0
    # via soundfile
charset-normalizer==3.3.2
    # via requests
click==8.1.7
    # via ray
    # via uvicorn
cloudpickle==3.0.0
    # via outlines
datasets==2.21.0
    # via outlines
    # via synthesized-datasets
decorator==5.1.1
    # via librosa
dill==0.3.8
    # via datasets
    # via multiprocess
diskcache==5.6.3
    # via outlines
distro==1.9.0
    # via openai
exceptiongroup==1.2.2
    # via anyio
fastapi==0.112.2
    # via vllm
filelock==3.15.4
    # via datasets
    # via huggingface-hub
    # via ray
    # via torch
    # via transformers
    # via triton
    # via vllm
flashinfer==0.1.6+cu124torch2.4
    # via synthesized-datasets
frozenlist==1.4.1
    # via aiohttp
    # via aiosignal
    # via ray
fsspec==2024.6.1
    # via datasets
    # via huggingface-hub
    # via torch
gguf==0.9.1
    # via vllm
h11==0.14.0
    # via httpcore
    # via uvicorn
httpcore==1.0.5
    # via httpx
httptools==0.6.1
    # via uvicorn
httpx==0.27.2
    # via openai
huggingface-hub==0.24.6
    # via datasets
    # via tokenizers
    # via transformers
idna==3.8
    # via anyio
    # via httpx
    # via requests
    # via yarl
importlib-metadata==8.4.0
    # via vllm
interegular==0.3.3
    # via lm-format-enforcer
    # via outlines
jinja2==3.1.4
    # via outlines
    # via torch
jiter==0.5.0
    # via openai
joblib==1.4.2
    # via librosa
    # via scikit-learn
jsonschema==4.23.0
    # via outlines
    # via ray
jsonschema-specifications==2023.12.1
    # via jsonschema
konoha==5.5.6
    # via synthesized-datasets
lark==1.2.2
    # via outlines
lazy-loader==0.4
    # via librosa
librosa==0.10.2.post1
    # via vllm
llvmlite==0.43.0
    # via numba
lm-format-enforcer==0.10.6
    # via vllm
markupsafe==2.1.5
    # via jinja2
more-itertools==10.4.0
    # via synthesized-datasets
mpmath==1.3.0
    # via sympy
msgpack==1.0.8
    # via librosa
    # via ray
msgspec==0.18.6
    # via vllm
multidict==6.0.5
    # via aiohttp
    # via yarl
multiprocess==0.70.16
    # via datasets
nest-asyncio==1.6.0
    # via outlines
networkx==3.3
    # via torch
numba==0.60.0
    # via librosa
    # via outlines
numpy==1.26.4
    # via datasets
    # via gguf
    # via librosa
    # via numba
    # via outlines
    # via pandas
    # via pyarrow
    # via scikit-learn
    # via scipy
    # via soxr
    # via torchvision
    # via transformers
    # via vllm
    # via xformers
nvidia-cublas-cu12==12.4.2.65
    # via nvidia-cudnn-cu12
    # via nvidia-cusolver-cu12
    # via torch
nvidia-cuda-cupti-cu12==12.4.99
    # via torch
nvidia-cuda-nvrtc-cu12==12.4.99
    # via torch
nvidia-cuda-runtime-cu12==12.4.99
    # via torch
nvidia-cudnn-cu12==9.1.0.70
    # via torch
nvidia-cufft-cu12==11.2.0.44
    # via torch
nvidia-curand-cu12==10.3.5.119
    # via torch
nvidia-cusolver-cu12==11.6.0.99
    # via torch
nvidia-cusparse-cu12==12.3.0.142
    # via nvidia-cusolver-cu12
    # via torch
nvidia-ml-py==12.560.30
    # via vllm
nvidia-nccl-cu12==2.20.5
    # via torch
nvidia-nvjitlink-cu12==12.4.99
    # via nvidia-cusolver-cu12
    # via nvidia-cusparse-cu12
    # via torch
nvidia-nvtx-cu12==12.4.99
    # via torch
openai==1.43.0
    # via vllm
outlines==0.0.46
    # via vllm
packaging==24.1
    # via datasets
    # via huggingface-hub
    # via lazy-loader
    # via lm-format-enforcer
    # via pooch
    # via ray
    # via transformers
pandas==2.2.2
    # via datasets
pillow==10.4.0
    # via torchvision
    # via vllm
platformdirs==4.2.2
    # via pooch
pooch==1.8.2
    # via librosa
prometheus-client==0.20.0
    # via prometheus-fastapi-instrumentator
    # via vllm
prometheus-fastapi-instrumentator==7.0.0
    # via vllm
protobuf==5.28.0
    # via ray
    # via vllm
psutil==6.0.0
    # via vllm
py-cpuinfo==9.0.0
    # via vllm
pyairports==2.1.1
    # via outlines
pyarrow==17.0.0
    # via datasets
pycountry==24.6.1
    # via outlines
pycparser==2.22
    # via cffi
pydantic==2.8.2
    # via fastapi
    # via lm-format-enforcer
    # via openai
    # via outlines
    # via vllm
pydantic-core==2.20.1
    # via pydantic
python-dateutil==2.9.0.post0
    # via pandas
python-dotenv==1.0.1
    # via uvicorn
pytz==2024.1
    # via pandas
pyyaml==6.0.2
    # via datasets
    # via huggingface-hub
    # via lm-format-enforcer
    # via ray
    # via transformers
    # via uvicorn
pyzmq==26.2.0
    # via vllm
ray==2.35.0
    # via vllm
referencing==0.35.1
    # via jsonschema
    # via jsonschema-specifications
    # via outlines
regex==2024.7.24
    # via tiktoken
    # via transformers
requests==2.32.3
    # via datasets
    # via huggingface-hub
    # via konoha
    # via outlines
    # via pooch
    # via ray
    # via tiktoken
    # via transformers
    # via vllm
rpds-py==0.20.0
    # via jsonschema
    # via referencing
safetensors==0.4.4
    # via transformers
scikit-learn==1.5.1
    # via librosa
scipy==1.14.1
    # via librosa
    # via scikit-learn
sentencepiece==0.2.0
    # via synthesized-datasets
    # via vllm
six==1.16.0
    # via python-dateutil
sniffio==1.3.1
    # via anyio
    # via httpx
    # via openai
soundfile==0.12.1
    # via librosa
    # via vllm
soxr==0.5.0.post1
    # via librosa
starlette==0.38.4
    # via fastapi
    # via prometheus-fastapi-instrumentator
sympy==1.13.2
    # via torch
threadpoolctl==3.5.0
    # via scikit-learn
tiktoken==0.7.0
    # via vllm
tokenizers==0.19.1
    # via transformers
    # via vllm
torch==2.4.0+cu124
    # via synthesized-datasets
    # via torchvision
    # via vllm
    # via vllm-flash-attn
    # via xformers
torchvision==0.19.0+cu124
    # via vllm
tqdm==4.66.5
    # via datasets
    # via gguf
    # via huggingface-hub
    # via openai
    # via outlines
    # via transformers
    # via vllm
transformers==4.44.2
    # via synthesized-datasets
    # via vllm
triton==3.0.0
    # via torch
typing-extensions==4.12.2
    # via anyio
    # via fastapi
    # via huggingface-hub
    # via librosa
    # via openai
    # via outlines
    # via pydantic
    # via pydantic-core
    # via torch
    # via uvicorn
    # via vllm
tzdata==2024.1
    # via pandas
urllib3==2.2.2
    # via requests
uvicorn==0.30.6
    # via vllm
uvloop==0.20.0
    # via uvicorn
vllm==0.5.5
    # via synthesized-datasets
vllm-flash-attn==2.6.1
    # via vllm
watchfiles==0.24.0
    # via uvicorn
websockets==13.0.1
    # via uvicorn
xformers==0.0.27.post2
    # via synthesized-datasets
    # via vllm
xxhash==3.5.0
    # via datasets
yarl==1.9.7
    # via aiohttp
zipp==3.20.1
    # via importlib-metadata
